
Microsoft Visual Studio Solution File, Format Version 12.00
# Visual Studio Version 17
VisualStudioVersion = 17.7.34031.279
MinimumVisualStudioVersion = 10.0.40219.1
Project("{FAE04EC0-301F-11D3-BF4B-00C04F79EFBC}") = "YaaryInvoiceElite", "YaaryInvoiceElite\YaaryInvoiceElite.csproj", "{A29894BA-F3F4-4F89-987C-E12E31E881BB}"
EndProject
Global
	GlobalSection(SolutionConfigurationPlatforms) = preSolution
		Debug|Any CPU = Debug|Any CPU
		Release|Any CPU = Release|Any CPU
	EndGlobalSection
	GlobalSection(ProjectConfigurationPlatforms) = postSolution
		{A29894BA-F3F4-4F89-987C-E12E31E881BB}.Debug|Any CPU.ActiveCfg = Debug|Any CPU
		{A29894BA-F3F4-4F89-987C-E12E31E881BB}.Debug|Any CPU.Build.0 = Debug|Any CPU
		{A29894BA-F3F4-4F89-987C-E12E31E881BB}.Release|Any CPU.ActiveCfg = Release|Any CPU
		{A29894BA-F3F4-4F89-987C-E12E31E881BB}.Release|Any CPU.Build.0 = Release|Any CPU
	EndGlobalSection
	GlobalSection(SolutionProperties) = preSolution
		HideSolutionNode = FALSE
	EndGlobalSection
	GlobalSection(ExtensibilityGlobals) = postSolution
		SolutionGuid = {EA0A979F-7492-4921-B8A6-E569035CB18A}
	EndGlobalSection
EndGlobal
